
Microsoft Visual Studio Solution File, Format Version 12.00
# Visual Studio Version 17
VisualStudioVersion = 17.0.31903.59
MinimumVisualStudioVersion = 10.0.40219.1
Project("{2150E333-8FDC-42A3-9474-1A3956D46DE8}") = "src", "src", "{4F02EDAD-3EAA-4CA1-B3A8-69EF59D5FC4B}"
EndProject
Project("{2150E333-8FDC-42A3-9474-1A3956D46DE8}") = "docs", "docs", "{054FB1D2-260C-4859-A53C-B6E5D5A3DD79}"
	ProjectSection(SolutionItems) = preProject
		.editorconfig = .editorconfig
		.gitignore = .gitignore
		CHANGELOG.md = CHANGELOG.md
		CODE_OF_CONDUCT.md = CODE_OF_CONDUCT.md
		CONTRIBUTING.md = CONTRIBUTING.md
		LICENSE = LICENSE
		README.md = README.md
	EndProjectSection
EndProject
Project("{2150E333-8FDC-42A3-9474-1A3956D46DE8}") = ".workflows", ".workflows", "{90CF2B68-BA02-4E60-80A8-C535A9B678B1}"
	ProjectSection(SolutionItems) = preProject
		.github\dependabot.yml = .github\dependabot.yml
		.github\workflows\main.yml = .github\workflows\main.yml
		.github\workflows\pull-request.yml = .github\workflows\pull-request.yml
	EndProjectSection
EndProject
Project("{2150E333-8FDC-42A3-9474-1A3956D46DE8}") = ".githooks", ".githooks", "{E54EA2CA-C682-4FF8-8A58-F635C9124EAB}"
	ProjectSection(SolutionItems) = preProject
		.githooks\commit-msg = .githooks\commit-msg
	EndProjectSection
EndProject
Project("{2150E333-8FDC-42A3-9474-1A3956D46DE8}") = "tests", "tests", "{A189199B-AB39-4D8D-B883-C6B7A5E2DBB4}"
EndProject
Project("{2150E333-8FDC-42A3-9474-1A3956D46DE8}") = "IntegrationTests", "IntegrationTests", "{E29529E5-D04C-4E9F-9936-698D49065A9C}"
EndProject
Project("{9A19103F-16F7-4668-BE54-9A1E7A4F7556}") = "Shield.Core", "src\Shield.Core\Shield.Core.csproj", "{F1256FCB-854F-4652-B15A-615F46B53AA2}"
EndProject
Project("{9A19103F-16F7-4668-BE54-9A1E7A4F7556}") = "Shield.Infrastructure", "src\Shield.Infrastructure\Shield.Infrastructure.csproj", "{E52F6E89-3400-484C-BF58-DE353B1D3616}"
EndProject
Project("{9A19103F-16F7-4668-BE54-9A1E7A4F7556}") = "Shield.Api", "src\Shield.Api\Shield.Api.csproj", "{2BB79D7A-34CD-4662-B8E4-F49CAC225061}"
EndProject
Project("{9A19103F-16F7-4668-BE54-9A1E7A4F7556}") = "Shield.Web", "src\Shield.Web\Shield.Web.csproj", "{D5687755-CE7D-4539-AF0F-E39BF938718F}"
EndProject
Project("{FAE04EC0-301F-11D3-BF4B-00C04F79EFBC}") = "Shield.CrossCutting", "src\Shield.CrossCutting\Shield.CrossCutting.csproj", "{7236AB1A-7543-4751-89F1-6368BBF92142}"
EndProject
Project("{9A19103F-16F7-4668-BE54-9A1E7A4F7556}") = "Shield.IntegrationTests", "tests\IntegrationTests\Shield.IntegrationTests\Shield.IntegrationTests.csproj", "{14CE2E77-FBA9-43D0-B7E3-083136DEA642}"
EndProject
Global
	GlobalSection(SolutionConfigurationPlatforms) = preSolution
		Debug|Any CPU = Debug|Any CPU
		Release|Any CPU = Release|Any CPU
	EndGlobalSection
	GlobalSection(ProjectConfigurationPlatforms) = postSolution
		{F1256FCB-854F-4652-B15A-615F46B53AA2}.Debug|Any CPU.ActiveCfg = Debug|Any CPU
		{F1256FCB-854F-4652-B15A-615F46B53AA2}.Debug|Any CPU.Build.0 = Debug|Any CPU
		{F1256FCB-854F-4652-B15A-615F46B53AA2}.Release|Any CPU.ActiveCfg = Release|Any CPU
		{F1256FCB-854F-4652-B15A-615F46B53AA2}.Release|Any CPU.Build.0 = Release|Any CPU
		{E52F6E89-3400-484C-BF58-DE353B1D3616}.Debug|Any CPU.ActiveCfg = Debug|Any CPU
		{E52F6E89-3400-484C-BF58-DE353B1D3616}.Debug|Any CPU.Build.0 = Debug|Any CPU
		{E52F6E89-3400-484C-BF58-DE353B1D3616}.Release|Any CPU.ActiveCfg = Release|Any CPU
		{E52F6E89-3400-484C-BF58-DE353B1D3616}.Release|Any CPU.Build.0 = Release|Any CPU
		{2BB79D7A-34CD-4662-B8E4-F49CAC225061}.Debug|Any CPU.ActiveCfg = Debug|Any CPU
		{2BB79D7A-34CD-4662-B8E4-F49CAC225061}.Debug|Any CPU.Build.0 = Debug|Any CPU
		{2BB79D7A-34CD-4662-B8E4-F49CAC225061}.Release|Any CPU.ActiveCfg = Release|Any CPU
		{2BB79D7A-34CD-4662-B8E4-F49CAC225061}.Release|Any CPU.Build.0 = Release|Any CPU
		{D5687755-CE7D-4539-AF0F-E39BF938718F}.Debug|Any CPU.ActiveCfg = Debug|Any CPU
		{D5687755-CE7D-4539-AF0F-E39BF938718F}.Debug|Any CPU.Build.0 = Debug|Any CPU
		{D5687755-CE7D-4539-AF0F-E39BF938718F}.Release|Any CPU.ActiveCfg = Release|Any CPU
		{D5687755-CE7D-4539-AF0F-E39BF938718F}.Release|Any CPU.Build.0 = Release|Any CPU
		{7236AB1A-7543-4751-89F1-6368BBF92142}.Debug|Any CPU.ActiveCfg = Debug|Any CPU
		{7236AB1A-7543-4751-89F1-6368BBF92142}.Debug|Any CPU.Build.0 = Debug|Any CPU
		{7236AB1A-7543-4751-89F1-6368BBF92142}.Release|Any CPU.ActiveCfg = Release|Any CPU
		{7236AB1A-7543-4751-89F1-6368BBF92142}.Release|Any CPU.Build.0 = Release|Any CPU
		{14CE2E77-FBA9-43D0-B7E3-083136DEA642}.Debug|Any CPU.ActiveCfg = Debug|Any CPU
		{14CE2E77-FBA9-43D0-B7E3-083136DEA642}.Debug|Any CPU.Build.0 = Debug|Any CPU
		{14CE2E77-FBA9-43D0-B7E3-083136DEA642}.Release|Any CPU.ActiveCfg = Release|Any CPU
		{14CE2E77-FBA9-43D0-B7E3-083136DEA642}.Release|Any CPU.Build.0 = Release|Any CPU
	EndGlobalSection
	GlobalSection(SolutionProperties) = preSolution
		HideSolutionNode = FALSE
	EndGlobalSection
	GlobalSection(NestedProjects) = preSolution
		{E29529E5-D04C-4E9F-9936-698D49065A9C} = {A189199B-AB39-4D8D-B883-C6B7A5E2DBB4}
		{F1256FCB-854F-4652-B15A-615F46B53AA2} = {4F02EDAD-3EAA-4CA1-B3A8-69EF59D5FC4B}
		{E52F6E89-3400-484C-BF58-DE353B1D3616} = {4F02EDAD-3EAA-4CA1-B3A8-69EF59D5FC4B}
		{2BB79D7A-34CD-4662-B8E4-F49CAC225061} = {4F02EDAD-3EAA-4CA1-B3A8-69EF59D5FC4B}
		{D5687755-CE7D-4539-AF0F-E39BF938718F} = {4F02EDAD-3EAA-4CA1-B3A8-69EF59D5FC4B}
		{7236AB1A-7543-4751-89F1-6368BBF92142} = {4F02EDAD-3EAA-4CA1-B3A8-69EF59D5FC4B}
		{14CE2E77-FBA9-43D0-B7E3-083136DEA642} = {E29529E5-D04C-4E9F-9936-698D49065A9C}
	EndGlobalSection
	GlobalSection(ExtensibilityGlobals) = postSolution
		SolutionGuid = {921E4BA4-2889-47FC-A1FE-DAED8569B948}
	EndGlobalSection
EndGlobal
