
Microsoft Visual Studio Solution File, Format Version 12.00
# Visual Studio Version 17
VisualStudioVersion = 17.0.31903.59
MinimumVisualStudioVersion = 10.0.40219.1
Project("{2150E333-8FDC-42A3-9474-1A3956D46DE8}") = "src", "src", "{4F02EDAD-3EAA-4CA1-B3A8-69EF59D5FC4B}"
EndProject
Project("{9A19103F-16F7-4668-BE54-9A1E7A4F7556}") = "Shield.Api", "src\Shield.Api\Shield.Api.csproj", "{4D7EBFFA-A1AF-452E-9E61-7499314FFE74}"
EndProject
Project("{9A19103F-16F7-4668-BE54-9A1E7A4F7556}") = "Shield.Application", "src\Shield.Application\Shield.Application.csproj", "{4ACECB8B-79EC-4005-90B6-EE6670C1BD37}"
EndProject
Project("{9A19103F-16F7-4668-BE54-9A1E7A4F7556}") = "Shield.CrossCutting", "src\Shield.CrossCutting\Shield.CrossCutting.csproj", "{4C451368-79E9-45E2-941E-49EC568A83D9}"
EndProject
Project("{9A19103F-16F7-4668-BE54-9A1E7A4F7556}") = "Shield.Domain", "src\Shield.Domain\Shield.Domain.csproj", "{C1FF893B-162D-4AA3-A331-9414AC93D4B7}"
EndProject
Project("{9A19103F-16F7-4668-BE54-9A1E7A4F7556}") = "Shield.Infrastructure", "src\Shield.Infrastructure\Shield.Infrastructure.csproj", "{E75D7903-1CBF-494A-9312-CA5D421F240C}"
EndProject
Project("{9A19103F-16F7-4668-BE54-9A1E7A4F7556}") = "Shield.Web", "src\Shield.Web\Shield.Web.csproj", "{C07B7777-36F4-45D5-93CF-25C67CB19DEE}"
EndProject
Project("{2150E333-8FDC-42A3-9474-1A3956D46DE8}") = "docs", "docs", "{054FB1D2-260C-4859-A53C-B6E5D5A3DD79}"
	ProjectSection(SolutionItems) = preProject
		.editorconfig = .editorconfig
		.gitignore = .gitignore
		CHANGELOG.md = CHANGELOG.md
		CODE_OF_CONDUCT.md = CODE_OF_CONDUCT.md
		CONTRIBUTING.md = CONTRIBUTING.md
		LICENSE = LICENSE
		README.md = README.md
	EndProjectSection
EndProject
Project("{2150E333-8FDC-42A3-9474-1A3956D46DE8}") = ".workflows", ".workflows", "{90CF2B68-BA02-4E60-80A8-C535A9B678B1}"
	ProjectSection(SolutionItems) = preProject
		.github\workflows\build-solution.yml = .github\workflows\build-solution.yml
		.github\dependabot.yml = .github\dependabot.yml
	EndProjectSection
EndProject
Project("{2150E333-8FDC-42A3-9474-1A3956D46DE8}") = ".githooks", ".githooks", "{E54EA2CA-C682-4FF8-8A58-F635C9124EAB}"
	ProjectSection(SolutionItems) = preProject
		.githooks\commit-msg = .githooks\commit-msg
	EndProjectSection
EndProject
Global
	GlobalSection(SolutionConfigurationPlatforms) = preSolution
		Debug|Any CPU = Debug|Any CPU
		Release|Any CPU = Release|Any CPU
	EndGlobalSection
	GlobalSection(ProjectConfigurationPlatforms) = postSolution
		{4D7EBFFA-A1AF-452E-9E61-7499314FFE74}.Debug|Any CPU.ActiveCfg = Debug|Any CPU
		{4D7EBFFA-A1AF-452E-9E61-7499314FFE74}.Debug|Any CPU.Build.0 = Debug|Any CPU
		{4D7EBFFA-A1AF-452E-9E61-7499314FFE74}.Release|Any CPU.ActiveCfg = Release|Any CPU
		{4D7EBFFA-A1AF-452E-9E61-7499314FFE74}.Release|Any CPU.Build.0 = Release|Any CPU
		{4ACECB8B-79EC-4005-90B6-EE6670C1BD37}.Debug|Any CPU.ActiveCfg = Debug|Any CPU
		{4ACECB8B-79EC-4005-90B6-EE6670C1BD37}.Debug|Any CPU.Build.0 = Debug|Any CPU
		{4ACECB8B-79EC-4005-90B6-EE6670C1BD37}.Release|Any CPU.ActiveCfg = Release|Any CPU
		{4ACECB8B-79EC-4005-90B6-EE6670C1BD37}.Release|Any CPU.Build.0 = Release|Any CPU
		{4C451368-79E9-45E2-941E-49EC568A83D9}.Debug|Any CPU.ActiveCfg = Debug|Any CPU
		{4C451368-79E9-45E2-941E-49EC568A83D9}.Debug|Any CPU.Build.0 = Debug|Any CPU
		{4C451368-79E9-45E2-941E-49EC568A83D9}.Release|Any CPU.ActiveCfg = Release|Any CPU
		{4C451368-79E9-45E2-941E-49EC568A83D9}.Release|Any CPU.Build.0 = Release|Any CPU
		{C1FF893B-162D-4AA3-A331-9414AC93D4B7}.Debug|Any CPU.ActiveCfg = Debug|Any CPU
		{C1FF893B-162D-4AA3-A331-9414AC93D4B7}.Debug|Any CPU.Build.0 = Debug|Any CPU
		{C1FF893B-162D-4AA3-A331-9414AC93D4B7}.Release|Any CPU.ActiveCfg = Release|Any CPU
		{C1FF893B-162D-4AA3-A331-9414AC93D4B7}.Release|Any CPU.Build.0 = Release|Any CPU
		{E75D7903-1CBF-494A-9312-CA5D421F240C}.Debug|Any CPU.ActiveCfg = Debug|Any CPU
		{E75D7903-1CBF-494A-9312-CA5D421F240C}.Debug|Any CPU.Build.0 = Debug|Any CPU
		{E75D7903-1CBF-494A-9312-CA5D421F240C}.Release|Any CPU.ActiveCfg = Release|Any CPU
		{E75D7903-1CBF-494A-9312-CA5D421F240C}.Release|Any CPU.Build.0 = Release|Any CPU
		{C07B7777-36F4-45D5-93CF-25C67CB19DEE}.Debug|Any CPU.ActiveCfg = Debug|Any CPU
		{C07B7777-36F4-45D5-93CF-25C67CB19DEE}.Debug|Any CPU.Build.0 = Debug|Any CPU
		{C07B7777-36F4-45D5-93CF-25C67CB19DEE}.Release|Any CPU.ActiveCfg = Release|Any CPU
		{C07B7777-36F4-45D5-93CF-25C67CB19DEE}.Release|Any CPU.Build.0 = Release|Any CPU
	EndGlobalSection
	GlobalSection(SolutionProperties) = preSolution
		HideSolutionNode = FALSE
	EndGlobalSection
	GlobalSection(NestedProjects) = preSolution
		{4D7EBFFA-A1AF-452E-9E61-7499314FFE74} = {4F02EDAD-3EAA-4CA1-B3A8-69EF59D5FC4B}
		{4ACECB8B-79EC-4005-90B6-EE6670C1BD37} = {4F02EDAD-3EAA-4CA1-B3A8-69EF59D5FC4B}
		{4C451368-79E9-45E2-941E-49EC568A83D9} = {4F02EDAD-3EAA-4CA1-B3A8-69EF59D5FC4B}
		{C1FF893B-162D-4AA3-A331-9414AC93D4B7} = {4F02EDAD-3EAA-4CA1-B3A8-69EF59D5FC4B}
		{E75D7903-1CBF-494A-9312-CA5D421F240C} = {4F02EDAD-3EAA-4CA1-B3A8-69EF59D5FC4B}
		{C07B7777-36F4-45D5-93CF-25C67CB19DEE} = {4F02EDAD-3EAA-4CA1-B3A8-69EF59D5FC4B}
	EndGlobalSection
	GlobalSection(ExtensibilityGlobals) = postSolution
		SolutionGuid = {921E4BA4-2889-47FC-A1FE-DAED8569B948}
	EndGlobalSection
EndGlobal
